
Microsoft Visual Studio Solution File, Format Version 12.00
# Visual Studio Version 16
VisualStudioVersion = 16.0.29503.13
MinimumVisualStudioVersion = 10.0.40219.1
Project("{FAE04EC0-301F-11D3-BF4B-00C04F79EFBC}") = "RavenDbTest", "RavenDbTest\RavenDbTest.csproj", "{454D3F01-77BC-41B2-8867-1C4310DC9F3F}"
EndProject
Global
	GlobalSection(SolutionConfigurationPlatforms) = preSolution
		Debug|Any CPU = Debug|Any CPU
		Release|Any CPU = Release|Any CPU
	EndGlobalSection
	GlobalSection(ProjectConfigurationPlatforms) = postSolution
		{454D3F01-77BC-41B2-8867-1C4310DC9F3F}.Debug|Any CPU.ActiveCfg = Debug|Any CPU
		{454D3F01-77BC-41B2-8867-1C4310DC9F3F}.Debug|Any CPU.Build.0 = Debug|Any CPU
		{454D3F01-77BC-41B2-8867-1C4310DC9F3F}.Release|Any CPU.ActiveCfg = Release|Any CPU
		{454D3F01-77BC-41B2-8867-1C4310DC9F3F}.Release|Any CPU.Build.0 = Release|Any CPU
	EndGlobalSection
	GlobalSection(SolutionProperties) = preSolution
		HideSolutionNode = FALSE
	EndGlobalSection
	GlobalSection(ExtensibilityGlobals) = postSolution
		SolutionGuid = {231AC85D-F671-4A85-8604-67ECC63DBD12}
	EndGlobalSection
EndGlobal
